{
  "requires": true,
  "lockfileVersion": 1,
  "dependencies": {
    "todomvc-app-css": {
      "version": "2.0.4",
      "resolved": "https://registry.npmjs.org/todomvc-app-css/-/todomvc-app-css-2.0.4.tgz",
      "integrity": "sha1-obYmZNHjreYhQLbEClu5Kt6g8P8="
    },
    "todomvc-common": {
      "version": "1.0.2",
      "resolved": "https://registry.npmjs.org/todomvc-common/-/todomvc-common-1.0.2.tgz",
      "integrity": "sha1-6zq2EoGsdICfWGnJF8ewi8hCNOA="
    }
  }
}
